{
    "version": 3,
    "terraform_version": "0.9.4",
    "serial": 1,
    "lineage": "a9df367f-3d06-4c42-8aca-10750f314fa5",
    "modules": [
        {
            "path": [
                "root"
            ],
            "outputs": {},
            "resources": {
                "aws_subnet.nonagon-subnet-1": {
                    "type": "aws_subnet",
                    "depends_on": [
                        "aws_vpc.nonagon-vpc-1"
                    ],
                    "primary": {
                        "id": "subnet-bfacfad8",
                        "attributes": {
                            "assign_ipv6_address_on_creation": "false",
                            "availability_zone": "us-west-2a",
                            "cidr_block": "10.0.1.0/24",
                            "id": "subnet-bfacfad8",
                            "map_public_ip_on_launch": "false",
                            "tags.%": "0",
                            "vpc_id": "vpc-dbc5ffbc"
                        },
                        "meta": {
                            "schema_version": "1"
                        },
                        "tainted": false
                    },
                    "deposed": [],
                    "provider": ""
                },
                "aws_vpc.nonagon-vpc-1": {
                    "type": "aws_vpc",
                    "depends_on": [],
                    "primary": {
                        "id": "vpc-dbc5ffbc",
                        "attributes": {
                            "assign_generated_ipv6_cidr_block": "false",
                            "cidr_block": "10.0.0.0/16",
                            "default_network_acl_id": "acl-2a37ce4c",
                            "default_route_table_id": "rtb-cc61d7aa",
                            "default_security_group_id": "sg-f8ee8983",
                            "dhcp_options_id": "dopt-17946172",
                            "enable_classiclink": "false",
                            "enable_dns_hostnames": "false",
                            "enable_dns_support": "true",
                            "id": "vpc-dbc5ffbc",
                            "instance_tenancy": "default",
                            "main_route_table_id": "rtb-cc61d7aa",
                            "tags.%": "0"
                        },
                        "meta": {
                            "schema_version": "1"
                        },
                        "tainted": false
                    },
                    "deposed": [],
                    "provider": ""
                }
            },
            "depends_on": []
        },
        {
            "path": [
                "root",
                "n9n-web-srv-1"
            ],
            "outputs": {
                "hostname": {
                    "sensitive": false,
                    "type": "string",
                    "value": "ip-10-0-1-161.us-west-2.compute.internal"
                }
            },
            "resources": {
                "aws_instance.nonagon-web": {
                    "type": "aws_instance",
                    "depends_on": [],
                    "primary": {
                        "id": "i-025d24c98a9e07fb0",
                        "attributes": {
                            "ami": "ami-efd0428f",
                            "associate_public_ip_address": "false",
                            "availability_zone": "us-west-2a",
                            "disable_api_termination": "false",
                            "ebs_block_device.#": "0",
                            "ebs_optimized": "false",
                            "ephemeral_block_device.#": "0",
                            "iam_instance_profile": "",
                            "id": "i-025d24c98a9e07fb0",
                            "instance_state": "running",
                            "instance_type": "t2.micro",
                            "ipv6_address_count": "0",
                            "ipv6_addresses.#": "0",
                            "key_name": "",
                            "monitoring": "false",
                            "network_interface.#": "0",
                            "network_interface_id": "eni-2083100b",
                            "primary_network_interface_id": "eni-2083100b",
                            "private_dns": "ip-10-0-1-161.us-west-2.compute.internal",
                            "private_ip": "10.0.1.161",
                            "public_dns": "",
                            "public_ip": "",
                            "root_block_device.#": "1",
                            "root_block_device.0.delete_on_termination": "true",
                            "root_block_device.0.iops": "100",
                            "root_block_device.0.volume_size": "8",
                            "root_block_device.0.volume_type": "gp2",
                            "security_groups.#": "0",
                            "source_dest_check": "true",
                            "subnet_id": "subnet-bfacfad8",
                            "tags.%": "1",
                            "tags.Name": "nonagon-web-1",
                            "tenancy": "default",
                            "volume_tags.%": "0",
                            "vpc_security_group_ids.#": "1",
                            "vpc_security_group_ids.2118846594": "sg-f8ee8983"
                        },
                        "meta": {
                            "schema_version": "1"
                        },
                        "tainted": false
                    },
                    "deposed": [],
                    "provider": ""
                }
            },
            "depends_on": []
        },
        {
            "path": [
                "root",
                "n9n-web-srv-2"
            ],
            "outputs": {},
            "resources": {},
            "depends_on": []
        }
    ]
}
